
Microsoft Visual Studio Solution File, Format Version 12.00
# Visual Studio Version 17
VisualStudioVersion = 17.14.37111.16 d17.14
MinimumVisualStudioVersion = 10.0.40219.1
Project("{FAE04EC0-301F-11D3-BF4B-00C04F79EFBC}") = "Chingoo", "Chingoo.csproj", "{57B2F02B-275A-414F-B923-96B7AA186CF3}"
EndProject
Global
	GlobalSection(SolutionConfigurationPlatforms) = preSolution
		Debug|Any CPU = Debug|Any CPU
		Release|Any CPU = Release|Any CPU
	EndGlobalSection
	GlobalSection(ProjectConfigurationPlatforms) = postSolution
		{57B2F02B-275A-414F-B923-96B7AA186CF3}.Debug|Any CPU.ActiveCfg = Debug|Any CPU
		{57B2F02B-275A-414F-B923-96B7AA186CF3}.Debug|Any CPU.Build.0 = Debug|Any CPU
		{57B2F02B-275A-414F-B923-96B7AA186CF3}.Release|Any CPU.ActiveCfg = Release|Any CPU
		{57B2F02B-275A-414F-B923-96B7AA186CF3}.Release|Any CPU.Build.0 = Release|Any CPU
	EndGlobalSection
	GlobalSection(SolutionProperties) = preSolution
		HideSolutionNode = FALSE
	EndGlobalSection
	GlobalSection(ExtensibilityGlobals) = postSolution
		SolutionGuid = {7E69C6A7-11C4-45DF-AD37-52DB6AF2866D}
	EndGlobalSection
EndGlobal
